// !$*UTF8*$!
{
	archiveVersion = 1;
	classes = {
	};
	objectVersion = 50;
	objects = {

/* Begin PBXBuildFile section */
		323BC8A62850E321009FC176 /* AppDelegate.swift in Sources */ = {isa = PBXBuildFile; fileRef = 323BC8A52850E321009FC176 /* AppDelegate.swift */; };
		323BC8A82850E321009FC176 /* SceneDelegate.swift in Sources */ = {isa = PBXBuildFile; fileRef = 323BC8A72850E321009FC176 /* SceneDelegate.swift */; };
		323BC8AA2850E321009FC176 /* MainTableViewController.swift in Sources */ = {isa = PBXBuildFile; fileRef = 323BC8A92850E321009FC176 /* MainTableViewController.swift */; };
		323BC8AD2850E321009FC176 /* Main.storyboard in Resources */ = {isa = PBXBuildFile; fileRef = 323BC8AB2850E321009FC176 /* Main.storyboard */; };
		323BC8AF2850E321009FC176 /* Assets.xcassets in Resources */ = {isa = PBXBuildFile; fileRef = 323BC8AE2850E321009FC176 /* Assets.xcassets */; };
		323BC8B22850E321009FC176 /* LaunchScreen.storyboard in Resources */ = {isa = PBXBuildFile; fileRef = 323BC8B02850E321009FC176 /* LaunchScreen.storyboard */; };
		32FE42B22852224700E2FC26 /* file.json in Resources */ = {isa = PBXBuildFile; fileRef = 32FE42B12852224700E2FC26 /* file.json */; };
		32FE42B52852229A00E2FC26 /* ResponseNews.swift in Sources */ = {isa = PBXBuildFile; fileRef = 32FE42B42852229A00E2FC26 /* ResponseNews.swift */; };
		32FE42BA285381E400E2FC26 /* NewYorkTableViewCell.swift in Sources */ = {isa = PBXBuildFile; fileRef = 32FE42B9285381E400E2FC26 /* NewYorkTableViewCell.swift */; };
/* End PBXBuildFile section */

/* Begin PBXFileReference section */
		323BC8A22850E321009FC176 /* AppNoticias.app */ = {isa = PBXFileReference; explicitFileType = wrapper.application; includeInIndex = 0; path = AppNoticias.app; sourceTree = BUILT_PRODUCTS_DIR; };
		323BC8A52850E321009FC176 /* AppDelegate.swift */ = {isa = PBXFileReference; lastKnownFileType = sourcecode.swift; path = AppDelegate.swift; sourceTree = "<group>"; };
		323BC8A72850E321009FC176 /* SceneDelegate.swift */ = {isa = PBXFileReference; lastKnownFileType = sourcecode.swift; path = SceneDelegate.swift; sourceTree = "<group>"; };
		323BC8A92850E321009FC176 /* MainTableViewController.swift */ = {isa = PBXFileReference; lastKnownFileType = sourcecode.swift; path = MainTableViewController.swift; sourceTree = "<group>"; };
		323BC8AC2850E321009FC176 /* Base */ = {isa = PBXFileReference; lastKnownFileType = file.storyboard; name = Base; path = Base.lproj/Main.storyboard; sourceTree = "<group>"; };
		323BC8AE2850E321009FC176 /* Assets.xcassets */ = {isa = PBXFileReference; lastKnownFileType = folder.assetcatalog; path = Assets.xcassets; sourceTree = "<group>"; };
		323BC8B12850E321009FC176 /* Base */ = {isa = PBXFileReference; lastKnownFileType = file.storyboard; name = Base; path = Base.lproj/LaunchScreen.storyboard; sourceTree = "<group>"; };
		323BC8B32850E321009FC176 /* Info.plist */ = {isa = PBXFileReference; lastKnownFileType = text.plist.xml; path = Info.plist; sourceTree = "<group>"; };
		32FE42B12852224700E2FC26 /* file.json */ = {isa = PBXFileReference; lastKnownFileType = text.json; path = file.json; sourceTree = "<group>"; };
		32FE42B42852229A00E2FC26 /* ResponseNews.swift */ = {isa = PBXFileReference; lastKnownFileType = sourcecode.swift; path = ResponseNews.swift; sourceTree = "<group>"; };
		32FE42B9285381E400E2FC26 /* NewYorkTableViewCell.swift */ = {isa = PBXFileReference; lastKnownFileType = sourcecode.swift; path = NewYorkTableViewCell.swift; sourceTree = "<group>"; };
/* End PBXFileReference section */

/* Begin PBXFrameworksBuildPhase section */
		323BC89F2850E321009FC176 /* Frameworks */ = {
			isa = PBXFrameworksBuildPhase;
			buildActionMask = 2147483647;
			files = (
			);
			runOnlyForDeploymentPostprocessing = 0;
		};
/* End PBXFrameworksBuildPhase section */

/* Begin PBXGroup section */
		323BC8992850E321009FC176 = {
			isa = PBXGroup;
			children = (
				323BC8A42850E321009FC176 /* AppNoticias */,
				323BC8A32850E321009FC176 /* Products */,
			);
			sourceTree = "<group>";
		};
		323BC8A32850E321009FC176 /* Products */ = {
			isa = PBXGroup;
			children = (
				323BC8A22850E321009FC176 /* AppNoticias.app */,
			);
			name = Products;
			sourceTree = "<group>";
		};
		323BC8A42850E321009FC176 /* AppNoticias */ = {
			isa = PBXGroup;
			children = (
				325B2D86285A1A9200FAF8AC /* Controller */,
				325B2D85285A1A8C00FAF8AC /* View */,
				325B2D84285A1A8200FAF8AC /* Model */,
				323BC8AE2850E321009FC176 /* Assets.xcassets */,
				323BC8B32850E321009FC176 /* Info.plist */,
			);
			path = AppNoticias;
			sourceTree = "<group>";
		};
		325B2D84285A1A8200FAF8AC /* Model */ = {
			isa = PBXGroup;
			children = (
				32FE42B12852224700E2FC26 /* file.json */,
				32FE42B42852229A00E2FC26 /* ResponseNews.swift */,
			);
			path = Model;
			sourceTree = "<group>";
		};
		325B2D85285A1A8C00FAF8AC /* View */ = {
			isa = PBXGroup;
			children = (
				323BC8B02850E321009FC176 /* LaunchScreen.storyboard */,
				323BC8AB2850E321009FC176 /* Main.storyboard */,
				32FE42B9285381E400E2FC26 /* NewYorkTableViewCell.swift */,
			);
			path = View;
			sourceTree = "<group>";
		};
		325B2D86285A1A9200FAF8AC /* Controller */ = {
			isa = PBXGroup;
			children = (
				323BC8A52850E321009FC176 /* AppDelegate.swift */,
				323BC8A72850E321009FC176 /* SceneDelegate.swift */,
				323BC8A92850E321009FC176 /* MainTableViewController.swift */,
			);
			path = Controller;
			sourceTree = "<group>";
		};
/* End PBXGroup section */

/* Begin PBXNativeTarget section */
		323BC8A12850E321009FC176 /* AppNoticias */ = {
			isa = PBXNativeTarget;
			buildConfigurationList = 323BC8B62850E321009FC176 /* Build configuration list for PBXNativeTarget "AppNoticias" */;
			buildPhases = (
				323BC89E2850E321009FC176 /* Sources */,
				323BC89F2850E321009FC176 /* Frameworks */,
				323BC8A02850E321009FC176 /* Resources */,
			);
			buildRules = (
			);
			dependencies = (
			);
			name = AppNoticias;
			productName = AppNoticias;
			productReference = 323BC8A22850E321009FC176 /* AppNoticias.app */;
			productType = "com.apple.product-type.application";
		};
/* End PBXNativeTarget section */

/* Begin PBXProject section */
		323BC89A2850E321009FC176 /* Project object */ = {
			isa = PBXProject;
			attributes = {
				LastSwiftUpdateCheck = 1240;
				LastUpgradeCheck = 1240;
				TargetAttributes = {
					323BC8A12850E321009FC176 = {
						CreatedOnToolsVersion = 12.4;
					};
				};
			};
			buildConfigurationList = 323BC89D2850E321009FC176 /* Build configuration list for PBXProject "AppNoticias" */;
			compatibilityVersion = "Xcode 9.3";
			developmentRegion = en;
			hasScannedForEncodings = 0;
			knownRegions = (
				en,
				Base,
			);
			mainGroup = 323BC8992850E321009FC176;
			productRefGroup = 323BC8A32850E321009FC176 /* Products */;
			projectDirPath = "";
			projectRoot = "";
			targets = (
				323BC8A12850E321009FC176 /* AppNoticias */,
			);
		};
/* End PBXProject section */

/* Begin PBXResourcesBuildPhase section */
		323BC8A02850E321009FC176 /* Resources */ = {
			isa = PBXResourcesBuildPhase;
			buildActionMask = 2147483647;
			files = (
				323BC8B22850E321009FC176 /* LaunchScreen.storyboard in Resources */,
				32FE42B22852224700E2FC26 /* file.json in Resources */,
				323BC8AF2850E321009FC176 /* Assets.xcassets in Resources */,
				323BC8AD2850E321009FC176 /* Main.storyboard in Resources */,
			);
			runOnlyForDeploymentPostprocessing = 0;
		};
/* End PBXResourcesBuildPhase section */

/* Begin PBXSourcesBuildPhase section */
		323BC89E2850E321009FC176 /* Sources */ = {
			isa = PBXSourcesBuildPhase;
			buildActionMask = 2147483647;
			files = (
				323BC8AA2850E321009FC176 /* MainTableViewController.swift in Sources */,
				32FE42B52852229A00E2FC26 /* ResponseNews.swift in Sources */,
				323BC8A62850E321009FC176 /* AppDelegate.swift in Sources */,
				32FE42BA285381E400E2FC26 /* NewYorkTableViewCell.swift in Sources */,
				323BC8A82850E321009FC176 /* SceneDelegate.swift in Sources */,
			);
			runOnlyForDeploymentPostprocessing = 0;
		};
/* End PBXSourcesBuildPhase section */

/* Begin PBXVariantGroup section */
		323BC8AB2850E321009FC176 /* Main.storyboard */ = {
			isa = PBXVariantGroup;
			children = (
				323BC8AC2850E321009FC176 /* Base */,
			);
			name = Main.storyboard;
			sourceTree = "<group>";
		};
		323BC8B02850E321009FC176 /* LaunchScreen.storyboard */ = {
			isa = PBXVariantGroup;
			children = (
				323BC8B12850E321009FC176 /* Base */,
			);
			name = LaunchScreen.storyboard;
			sourceTree = "<group>";
		};
/* End PBXVariantGroup section */

/* Begin XCBuildConfiguration section */
		323BC8B42850E321009FC176 /* Debug */ = {
			isa = XCBuildConfiguration;
			buildSettings = {
				ALWAYS_SEARCH_USER_PATHS = NO;
				CLANG_ANALYZER_NONNULL = YES;
				CLANG_ANALYZER_NUMBER_OBJECT_CONVERSION = YES_AGGRESSIVE;
				CLANG_CXX_LANGUAGE_STANDARD = "gnu++14";
				CLANG_CXX_LIBRARY = "libc++";
				CLANG_ENABLE_MODULES = YES;
				CLANG_ENABLE_OBJC_ARC = YES;
				CLANG_ENABLE_OBJC_WEAK = YES;
				CLANG_WARN_BLOCK_CAPTURE_AUTORELEASING = YES;
				CLANG_WARN_BOOL_CONVERSION = YES;
				CLANG_WARN_COMMA = YES;
				CLANG_WARN_CONSTANT_CONVERSION = YES;
				CLANG_WARN_DEPRECATED_OBJC_IMPLEMENTATIONS = YES;
				CLANG_WARN_DIRECT_OBJC_ISA_USAGE = YES_ERROR;
				CLANG_WARN_DOCUMENTATION_COMMENTS = YES;
				CLANG_WARN_EMPTY_BODY = YES;
				CLANG_WARN_ENUM_CONVERSION = YES;
				CLANG_WARN_INFINITE_RECURSION = YES;
				CLANG_WARN_INT_CONVERSION = YES;
				CLANG_WARN_NON_LITERAL_NULL_CONVERSION = YES;
				CLANG_WARN_OBJC_IMPLICIT_RETAIN_SELF = YES;
				CLANG_WARN_OBJC_LITERAL_CONVERSION = YES;
				CLANG_WARN_OBJC_ROOT_CLASS = YES_ERROR;
				CLANG_WARN_QUOTED_INCLUDE_IN_FRAMEWORK_HEADER = YES;
				CLANG_WARN_RANGE_LOOP_ANALYSIS = YES;
				CLANG_WARN_STRICT_PROTOTYPES = YES;
				CLANG_WARN_SUSPICIOUS_MOVE = YES;
				CLANG_WARN_UNGUARDED_AVAILABILITY = YES_AGGRESSIVE;
				CLANG_WARN_UNREACHABLE_CODE = YES;
				CLANG_WARN__DUPLICATE_METHOD_MATCH = YES;
				COPY_PHASE_STRIP = NO;
				DEBUG_INFORMATION_FORMAT = dwarf;
				ENABLE_STRICT_OBJC_MSGSEND = YES;
				ENABLE_TESTABILITY = YES;
				GCC_C_LANGUAGE_STANDARD = gnu11;
				GCC_DYNAMIC_NO_PIC = NO;
				GCC_NO_COMMON_BLOCKS = YES;
				GCC_OPTIMIZATION_LEVEL = 0;
				GCC_PREPROCESSOR_DEFINITIONS = (
					"DEBUG=1",
					"$(inherited)",
				);
				GCC_WARN_64_TO_32_BIT_CONVERSION = YES;
				GCC_WARN_ABOUT_RETURN_TYPE = YES_ERROR;
				GCC_WARN_UNDECLARED_SELECTOR = YES;
				GCC_WARN_UNINITIALIZED_AUTOS = YES_AGGRESSIVE;
				GCC_WARN_UNUSED_FUNCTION = YES;
				GCC_WARN_UNUSED_VARIABLE = YES;
				IPHONEOS_DEPLOYMENT_TARGET = 14.4;
				MTL_ENABLE_DEBUG_INFO = INCLUDE_SOURCE;
				MTL_FAST_MATH = YES;
				ONLY_ACTIVE_ARCH = YES;
				SDKROOT = iphoneos;
				SWIFT_ACTIVE_COMPILATION_CONDITIONS = DEBUG;
				SWIFT_OPTIMIZATION_LEVEL = "-Onone";
			};
			name = Debug;
		};
		323BC8B52850E321009FC176 /* Release */ = {
			isa = XCBuildConfiguration;
			buildSettings = {
				ALWAYS_SEARCH_USER_PATHS = NO;
				CLANG_ANALYZER_NONNULL = YES;
				CLANG_ANALYZER_NUMBER_OBJECT_CONVERSION = YES_AGGRESSIVE;
				CLANG_CXX_LANGUAGE_STANDARD = "gnu++14";
				CLANG_CXX_LIBRARY = "libc++";
				CLANG_ENABLE_MODULES = YES;
				CLANG_ENABLE_OBJC_ARC = YES;
				CLANG_ENABLE_OBJC_WEAK = YES;
				CLANG_WARN_BLOCK_CAPTURE_AUTORELEASING = YES;
				CLANG_WARN_BOOL_CONVERSION = YES;
				CLANG_WARN_COMMA = YES;
				CLANG_WARN_CONSTANT_CONVERSION = YES;
				CLANG_WARN_DEPRECATED_OBJC_IMPLEMENTATIONS = YES;
				CLANG_WARN_DIRECT_OBJC_ISA_USAGE = YES_ERROR;
				CLANG_WARN_DOCUMENTATION_COMMENTS = YES;
				CLANG_WARN_EMPTY_BODY = YES;
				CLANG_WARN_ENUM_CONVERSION = YES;
				CLANG_WARN_INFINITE_RECURSION = YES;
				CLANG_WARN_INT_CONVERSION = YES;
				CLANG_WARN_NON_LITERAL_NULL_CONVERSION = YES;
				CLANG_WARN_OBJC_IMPLICIT_RETAIN_SELF = YES;
				CLANG_WARN_OBJC_LITERAL_CONVERSION = YES;
				CLANG_WARN_OBJC_ROOT_CLASS = YES_ERROR;
				CLANG_WARN_QUOTED_INCLUDE_IN_FRAMEWORK_HEADER = YES;
				CLANG_WARN_RANGE_LOOP_ANALYSIS = YES;
				CLANG_WARN_STRICT_PROTOTYPES = YES;
				CLANG_WARN_SUSPICIOUS_MOVE = YES;
				CLANG_WARN_UNGUARDED_AVAILABILITY = YES_AGGRESSIVE;
				CLANG_WARN_UNREACHABLE_CODE = YES;
				CLANG_WARN__DUPLICATE_METHOD_MATCH = YES;
				COPY_PHASE_STRIP = NO;
				DEBUG_INFORMATION_FORMAT = "dwarf-with-dsym";
				ENABLE_NS_ASSERTIONS = NO;
				ENABLE_STRICT_OBJC_MSGSEND = YES;
				GCC_C_LANGUAGE_STANDARD = gnu11;
				GCC_NO_COMMON_BLOCKS = YES;
				GCC_WARN_64_TO_32_BIT_CONVERSION = YES;
				GCC_WARN_ABOUT_RETURN_TYPE = YES_ERROR;
				GCC_WARN_UNDECLARED_SELECTOR = YES;
				GCC_WARN_UNINITIALIZED_AUTOS = YES_AGGRESSIVE;
				GCC_WARN_UNUSED_FUNCTION = YES;
				GCC_WARN_UNUSED_VARIABLE = YES;
				IPHONEOS_DEPLOYMENT_TARGET = 14.4;
				MTL_ENABLE_DEBUG_INFO = NO;
				MTL_FAST_MATH = YES;
				SDKROOT = iphoneos;
				SWIFT_COMPILATION_MODE = wholemodule;
				SWIFT_OPTIMIZATION_LEVEL = "-O";
				VALIDATE_PRODUCT = YES;
			};
			name = Release;
		};
		323BC8B72850E321009FC176 /* Debug */ = {
			isa = XCBuildConfiguration;
			buildSettings = {
				ASSETCATALOG_COMPILER_APPICON_NAME = AppIcon;
				ASSETCATALOG_COMPILER_GLOBAL_ACCENT_COLOR_NAME = AccentColor;
				CODE_SIGN_STYLE = Automatic;
				DEVELOPMENT_TEAM = HNQ8R5W9VG;
				INFOPLIST_FILE = AppNoticias/Info.plist;
				LD_RUNPATH_SEARCH_PATHS = (
					"$(inherited)",
					"@executable_path/Frameworks",
				);
				PRODUCT_BUNDLE_IDENTIFIER = com.your.felipe2g.AppNoticias;
				PRODUCT_NAME = "$(TARGET_NAME)";
				SWIFT_VERSION = 5.0;
				TARGETED_DEVICE_FAMILY = "1,2";
			};
			name = Debug;
		};
		323BC8B82850E321009FC176 /* Release */ = {
			isa = XCBuildConfiguration;
			buildSettings = {
				ASSETCATALOG_COMPILER_APPICON_NAME = AppIcon;
				ASSETCATALOG_COMPILER_GLOBAL_ACCENT_COLOR_NAME = AccentColor;
				CODE_SIGN_STYLE = Automatic;
				DEVELOPMENT_TEAM = HNQ8R5W9VG;
				INFOPLIST_FILE = AppNoticias/Info.plist;
				LD_RUNPATH_SEARCH_PATHS = (
					"$(inherited)",
					"@executable_path/Frameworks",
				);
				PRODUCT_BUNDLE_IDENTIFIER = com.your.felipe2g.AppNoticias;
				PRODUCT_NAME = "$(TARGET_NAME)";
				SWIFT_VERSION = 5.0;
				TARGETED_DEVICE_FAMILY = "1,2";
			};
			name = Release;
		};
/* End XCBuildConfiguration section */

/* Begin XCConfigurationList section */
		323BC89D2850E321009FC176 /* Build configuration list for PBXProject "AppNoticias" */ = {
			isa = XCConfigurationList;
			buildConfigurations = (
				323BC8B42850E321009FC176 /* Debug */,
				323BC8B52850E321009FC176 /* Release */,
			);
			defaultConfigurationIsVisible = 0;
			defaultConfigurationName = Release;
		};
		323BC8B62850E321009FC176 /* Build configuration list for PBXNativeTarget "AppNoticias" */ = {
			isa = XCConfigurationList;
			buildConfigurations = (
				323BC8B72850E321009FC176 /* Debug */,
				323BC8B82850E321009FC176 /* Release */,
			);
			defaultConfigurationIsVisible = 0;
			defaultConfigurationName = Release;
		};
/* End XCConfigurationList section */
	};
	rootObject = 323BC89A2850E321009FC176 /* Project object */;
}
